
Microsoft Visual Studio Solution File, Format Version 12.00
# Visual Studio 15
VisualStudioVersion = 15.0.28307.136
MinimumVisualStudioVersion = 10.0.40219.1
Project("{6870E480-TEST-4708-TEST-9AE898AA21B3}") = "AASTestCube", "AASTestCube\AASTestCube.smproj", "{8CE414BB-TEST-4C99-TEST-51BA72086E22}"
EndProject
Global
	GlobalSection(SolutionConfigurationPlatforms) = preSolution
		Development|x86 = Development|x86
	EndGlobalSection
	GlobalSection(ProjectConfigurationPlatforms) = postSolution
		{8CE414BB-TEST-4C99-TEST-51BA72086E22}.Development|x86.ActiveCfg = Development|x86
		{8CE414BB-TEST-4C99-TEST-51BA72086E22}.Development|x86.Build.0 = Development|x86
		{8CE414BB-TEST-4C99-TEST-51BA72086E22}.Development|x86.Deploy.0 = Development|x86
	EndGlobalSection
	GlobalSection(SolutionProperties) = preSolution
		HideSolutionNode = FALSE
	EndGlobalSection
	GlobalSection(ExtensibilityGlobals) = postSolution
		SolutionGuid = {D2244F61-TEST-49AE-TEST-63339DBF748A}
	EndGlobalSection
EndGlobal
